// !$*UTF8*$!
{
	archiveVersion = 1;
	classes = {
	};
	objectVersion = 56;
	objects = {

/* Begin PBXBuildFile section */
		D7F8CDB22B635FC800E3EDC1 /* AppDelegate.swift in Sources */ = {isa = PBXBuildFile; fileRef = D7F8CDB12B635FC800E3EDC1 /* AppDelegate.swift */; };
		D7F8CDB62B635FC800E3EDC1 /* ClimateViewController.swift in Sources */ = {isa = PBXBuildFile; fileRef = D7F8CDB52B635FC800E3EDC1 /* ClimateViewController.swift */; };
		D7F8CDB92B635FC800E3EDC1 /* Main.storyboard in Resources */ = {isa = PBXBuildFile; fileRef = D7F8CDB72B635FC800E3EDC1 /* Main.storyboard */; };
		D7F8CDBB2B635FC900E3EDC1 /* Assets.xcassets in Resources */ = {isa = PBXBuildFile; fileRef = D7F8CDBA2B635FC900E3EDC1 /* Assets.xcassets */; };
		D7F8CDBE2B635FC900E3EDC1 /* LaunchScreen.storyboard in Resources */ = {isa = PBXBuildFile; fileRef = D7F8CDBC2B635FC900E3EDC1 /* LaunchScreen.storyboard */; };
		D7F8CDD22B6377B900E3EDC1 /* SceneDelegate.swift in Sources */ = {isa = PBXBuildFile; fileRef = D7F8CDD12B6377B900E3EDC1 /* SceneDelegate.swift */; };
		D7F8CDEB2B648F8900E3EDC1 /* WeatherManager.swift in Sources */ = {isa = PBXBuildFile; fileRef = D7F8CDEA2B648F8900E3EDC1 /* WeatherManager.swift */; };
		D7F8CDED2B64ADCD00E3EDC1 /* ClimateData.swift in Sources */ = {isa = PBXBuildFile; fileRef = D7F8CDEC2B64ADCD00E3EDC1 /* ClimateData.swift */; };
		D7F8CDEF2B64BDE600E3EDC1 /* WeatherModel.swift in Sources */ = {isa = PBXBuildFile; fileRef = D7F8CDEE2B64BDE600E3EDC1 /* WeatherModel.swift */; };
/* End PBXBuildFile section */

/* Begin PBXFileReference section */
		D7F8CDAE2B635FC800E3EDC1 /* WeatherMaster.app */ = {isa = PBXFileReference; explicitFileType = wrapper.application; includeInIndex = 0; path = WeatherMaster.app; sourceTree = BUILT_PRODUCTS_DIR; };
		D7F8CDB12B635FC800E3EDC1 /* AppDelegate.swift */ = {isa = PBXFileReference; lastKnownFileType = sourcecode.swift; path = AppDelegate.swift; sourceTree = "<group>"; };
		D7F8CDB52B635FC800E3EDC1 /* ClimateViewController.swift */ = {isa = PBXFileReference; lastKnownFileType = sourcecode.swift; path = ClimateViewController.swift; sourceTree = "<group>"; };
		D7F8CDB82B635FC800E3EDC1 /* Base */ = {isa = PBXFileReference; lastKnownFileType = file.storyboard; name = Base; path = Base.lproj/Main.storyboard; sourceTree = "<group>"; };
		D7F8CDBA2B635FC900E3EDC1 /* Assets.xcassets */ = {isa = PBXFileReference; lastKnownFileType = folder.assetcatalog; path = Assets.xcassets; sourceTree = "<group>"; };
		D7F8CDBD2B635FC900E3EDC1 /* Base */ = {isa = PBXFileReference; lastKnownFileType = file.storyboard; name = Base; path = Base.lproj/LaunchScreen.storyboard; sourceTree = "<group>"; };
		D7F8CDBF2B635FC900E3EDC1 /* Info.plist */ = {isa = PBXFileReference; lastKnownFileType = text.plist.xml; path = Info.plist; sourceTree = "<group>"; };
		D7F8CDD12B6377B900E3EDC1 /* SceneDelegate.swift */ = {isa = PBXFileReference; fileEncoding = 4; lastKnownFileType = sourcecode.swift; path = SceneDelegate.swift; sourceTree = "<group>"; };
		D7F8CDEA2B648F8900E3EDC1 /* WeatherManager.swift */ = {isa = PBXFileReference; lastKnownFileType = sourcecode.swift; path = WeatherManager.swift; sourceTree = "<group>"; };
		D7F8CDEC2B64ADCD00E3EDC1 /* ClimateData.swift */ = {isa = PBXFileReference; lastKnownFileType = sourcecode.swift; path = ClimateData.swift; sourceTree = "<group>"; };
		D7F8CDEE2B64BDE600E3EDC1 /* WeatherModel.swift */ = {isa = PBXFileReference; lastKnownFileType = sourcecode.swift; path = WeatherModel.swift; sourceTree = "<group>"; };
/* End PBXFileReference section */

/* Begin PBXFrameworksBuildPhase section */
		D7F8CDAB2B635FC800E3EDC1 /* Frameworks */ = {
			isa = PBXFrameworksBuildPhase;
			buildActionMask = 2147483647;
			files = (
			);
			runOnlyForDeploymentPostprocessing = 0;
		};
/* End PBXFrameworksBuildPhase section */

/* Begin PBXGroup section */
		D7F8CDA52B635FC800E3EDC1 = {
			isa = PBXGroup;
			children = (
				D7F8CDB02B635FC800E3EDC1 /* WeatherMaster */,
				D7F8CDAF2B635FC800E3EDC1 /* Products */,
			);
			sourceTree = "<group>";
		};
		D7F8CDAF2B635FC800E3EDC1 /* Products */ = {
			isa = PBXGroup;
			children = (
				D7F8CDAE2B635FC800E3EDC1 /* WeatherMaster.app */,
			);
			name = Products;
			sourceTree = "<group>";
		};
		D7F8CDB02B635FC800E3EDC1 /* WeatherMaster */ = {
			isa = PBXGroup;
			children = (
				D7F8CDB12B635FC800E3EDC1 /* AppDelegate.swift */,
				D7F8CDD12B6377B900E3EDC1 /* SceneDelegate.swift */,
				D7F8CDD02B63773F00E3EDC1 /* Model */,
				D7F8CDCD2B6376AB00E3EDC1 /* View */,
				D7F8CDCE2B6376B500E3EDC1 /* Controller */,
				D7F8CDBA2B635FC900E3EDC1 /* Assets.xcassets */,
				D7F8CDBC2B635FC900E3EDC1 /* LaunchScreen.storyboard */,
				D7F8CDBF2B635FC900E3EDC1 /* Info.plist */,
			);
			path = WeatherMaster;
			sourceTree = "<group>";
		};
		D7F8CDCD2B6376AB00E3EDC1 /* View */ = {
			isa = PBXGroup;
			children = (
				D7F8CDB72B635FC800E3EDC1 /* Main.storyboard */,
			);
			path = View;
			sourceTree = "<group>";
		};
		D7F8CDCE2B6376B500E3EDC1 /* Controller */ = {
			isa = PBXGroup;
			children = (
				D7F8CDB52B635FC800E3EDC1 /* ClimateViewController.swift */,
			);
			path = Controller;
			sourceTree = "<group>";
		};
		D7F8CDD02B63773F00E3EDC1 /* Model */ = {
			isa = PBXGroup;
			children = (
				D7F8CDEA2B648F8900E3EDC1 /* WeatherManager.swift */,
				D7F8CDEC2B64ADCD00E3EDC1 /* ClimateData.swift */,
				D7F8CDEE2B64BDE600E3EDC1 /* WeatherModel.swift */,
			);
			path = Model;
			sourceTree = "<group>";
		};
/* End PBXGroup section */

/* Begin PBXNativeTarget section */
		D7F8CDAD2B635FC800E3EDC1 /* WeatherMaster */ = {
			isa = PBXNativeTarget;
			buildConfigurationList = D7F8CDC22B635FC900E3EDC1 /* Build configuration list for PBXNativeTarget "WeatherMaster" */;
			buildPhases = (
				D7F8CDAA2B635FC800E3EDC1 /* Sources */,
				D7F8CDAB2B635FC800E3EDC1 /* Frameworks */,
				D7F8CDAC2B635FC800E3EDC1 /* Resources */,
			);
			buildRules = (
			);
			dependencies = (
			);
			name = WeatherMaster;
			productName = WeatherMaster;
			productReference = D7F8CDAE2B635FC800E3EDC1 /* WeatherMaster.app */;
			productType = "com.apple.product-type.application";
		};
/* End PBXNativeTarget section */

/* Begin PBXProject section */
		D7F8CDA62B635FC800E3EDC1 /* Project object */ = {
			isa = PBXProject;
			attributes = {
				BuildIndependentTargetsInParallel = 1;
				LastSwiftUpdateCheck = 1520;
				LastUpgradeCheck = 1520;
				TargetAttributes = {
					D7F8CDAD2B635FC800E3EDC1 = {
						CreatedOnToolsVersion = 15.2;
					};
				};
			};
			buildConfigurationList = D7F8CDA92B635FC800E3EDC1 /* Build configuration list for PBXProject "WeatherMaster" */;
			compatibilityVersion = "Xcode 14.0";
			developmentRegion = en;
			hasScannedForEncodings = 0;
			knownRegions = (
				en,
				Base,
			);
			mainGroup = D7F8CDA52B635FC800E3EDC1;
			productRefGroup = D7F8CDAF2B635FC800E3EDC1 /* Products */;
			projectDirPath = "";
			projectRoot = "";
			targets = (
				D7F8CDAD2B635FC800E3EDC1 /* WeatherMaster */,
			);
		};
/* End PBXProject section */

/* Begin PBXResourcesBuildPhase section */
		D7F8CDAC2B635FC800E3EDC1 /* Resources */ = {
			isa = PBXResourcesBuildPhase;
			buildActionMask = 2147483647;
			files = (
				D7F8CDBE2B635FC900E3EDC1 /* LaunchScreen.storyboard in Resources */,
				D7F8CDBB2B635FC900E3EDC1 /* Assets.xcassets in Resources */,
				D7F8CDB92B635FC800E3EDC1 /* Main.storyboard in Resources */,
			);
			runOnlyForDeploymentPostprocessing = 0;
		};
/* End PBXResourcesBuildPhase section */

/* Begin PBXSourcesBuildPhase section */
		D7F8CDAA2B635FC800E3EDC1 /* Sources */ = {
			isa = PBXSourcesBuildPhase;
			buildActionMask = 2147483647;
			files = (
				D7F8CDB62B635FC800E3EDC1 /* ClimateViewController.swift in Sources */,
				D7F8CDB22B635FC800E3EDC1 /* AppDelegate.swift in Sources */,
				D7F8CDEB2B648F8900E3EDC1 /* WeatherManager.swift in Sources */,
				D7F8CDED2B64ADCD00E3EDC1 /* ClimateData.swift in Sources */,
				D7F8CDEF2B64BDE600E3EDC1 /* WeatherModel.swift in Sources */,
				D7F8CDD22B6377B900E3EDC1 /* SceneDelegate.swift in Sources */,
			);
			runOnlyForDeploymentPostprocessing = 0;
		};
/* End PBXSourcesBuildPhase section */

/* Begin PBXVariantGroup section */
		D7F8CDB72B635FC800E3EDC1 /* Main.storyboard */ = {
			isa = PBXVariantGroup;
			children = (
				D7F8CDB82B635FC800E3EDC1 /* Base */,
			);
			name = Main.storyboard;
			sourceTree = "<group>";
		};
		D7F8CDBC2B635FC900E3EDC1 /* LaunchScreen.storyboard */ = {
			isa = PBXVariantGroup;
			children = (
				D7F8CDBD2B635FC900E3EDC1 /* Base */,
			);
			name = LaunchScreen.storyboard;
			sourceTree = "<group>";
		};
/* End PBXVariantGroup section */

/* Begin XCBuildConfiguration section */
		D7F8CDC02B635FC900E3EDC1 /* Debug */ = {
			isa = XCBuildConfiguration;
			buildSettings = {
				ALWAYS_SEARCH_USER_PATHS = NO;
				ASSETCATALOG_COMPILER_GENERATE_SWIFT_ASSET_SYMBOL_EXTENSIONS = YES;
				CLANG_ANALYZER_NONNULL = YES;
				CLANG_ANALYZER_NUMBER_OBJECT_CONVERSION = YES_AGGRESSIVE;
				CLANG_CXX_LANGUAGE_STANDARD = "gnu++20";
				CLANG_ENABLE_MODULES = YES;
				CLANG_ENABLE_OBJC_ARC = YES;
				CLANG_ENABLE_OBJC_WEAK = YES;
				CLANG_WARN_BLOCK_CAPTURE_AUTORELEASING = YES;
				CLANG_WARN_BOOL_CONVERSION = YES;
				CLANG_WARN_COMMA = YES;
				CLANG_WARN_CONSTANT_CONVERSION = YES;
				CLANG_WARN_DEPRECATED_OBJC_IMPLEMENTATIONS = YES;
				CLANG_WARN_DIRECT_OBJC_ISA_USAGE = YES_ERROR;
				CLANG_WARN_DOCUMENTATION_COMMENTS = YES;
				CLANG_WARN_EMPTY_BODY = YES;
				CLANG_WARN_ENUM_CONVERSION = YES;
				CLANG_WARN_INFINITE_RECURSION = YES;
				CLANG_WARN_INT_CONVERSION = YES;
				CLANG_WARN_NON_LITERAL_NULL_CONVERSION = YES;
				CLANG_WARN_OBJC_IMPLICIT_RETAIN_SELF = YES;
				CLANG_WARN_OBJC_LITERAL_CONVERSION = YES;
				CLANG_WARN_OBJC_ROOT_CLASS = YES_ERROR;
				CLANG_WARN_QUOTED_INCLUDE_IN_FRAMEWORK_HEADER = YES;
				CLANG_WARN_RANGE_LOOP_ANALYSIS = YES;
				CLANG_WARN_STRICT_PROTOTYPES = YES;
				CLANG_WARN_SUSPICIOUS_MOVE = YES;
				CLANG_WARN_UNGUARDED_AVAILABILITY = YES_AGGRESSIVE;
				CLANG_WARN_UNREACHABLE_CODE = YES;
				CLANG_WARN__DUPLICATE_METHOD_MATCH = YES;
				COPY_PHASE_STRIP = NO;
				DEBUG_INFORMATION_FORMAT = dwarf;
				ENABLE_STRICT_OBJC_MSGSEND = YES;
				ENABLE_TESTABILITY = YES;
				ENABLE_USER_SCRIPT_SANDBOXING = YES;
				GCC_C_LANGUAGE_STANDARD = gnu17;
				GCC_DYNAMIC_NO_PIC = NO;
				GCC_NO_COMMON_BLOCKS = YES;
				GCC_OPTIMIZATION_LEVEL = 0;
				GCC_PREPROCESSOR_DEFINITIONS = (
					"DEBUG=1",
					"$(inherited)",
				);
				GCC_WARN_64_TO_32_BIT_CONVERSION = YES;
				GCC_WARN_ABOUT_RETURN_TYPE = YES_ERROR;
				GCC_WARN_UNDECLARED_SELECTOR = YES;
				GCC_WARN_UNINITIALIZED_AUTOS = YES_AGGRESSIVE;
				GCC_WARN_UNUSED_FUNCTION = YES;
				GCC_WARN_UNUSED_VARIABLE = YES;
				IPHONEOS_DEPLOYMENT_TARGET = 17.2;
				LOCALIZATION_PREFERS_STRING_CATALOGS = YES;
				MTL_ENABLE_DEBUG_INFO = INCLUDE_SOURCE;
				MTL_FAST_MATH = YES;
				ONLY_ACTIVE_ARCH = YES;
				SDKROOT = iphoneos;
				SWIFT_ACTIVE_COMPILATION_CONDITIONS = "DEBUG $(inherited)";
				SWIFT_OPTIMIZATION_LEVEL = "-Onone";
			};
			name = Debug;
		};
		D7F8CDC12B635FC900E3EDC1 /* Release */ = {
			isa = XCBuildConfiguration;
			buildSettings = {
				ALWAYS_SEARCH_USER_PATHS = NO;
				ASSETCATALOG_COMPILER_GENERATE_SWIFT_ASSET_SYMBOL_EXTENSIONS = YES;
				CLANG_ANALYZER_NONNULL = YES;
				CLANG_ANALYZER_NUMBER_OBJECT_CONVERSION = YES_AGGRESSIVE;
				CLANG_CXX_LANGUAGE_STANDARD = "gnu++20";
				CLANG_ENABLE_MODULES = YES;
				CLANG_ENABLE_OBJC_ARC = YES;
				CLANG_ENABLE_OBJC_WEAK = YES;
				CLANG_WARN_BLOCK_CAPTURE_AUTORELEASING = YES;
				CLANG_WARN_BOOL_CONVERSION = YES;
				CLANG_WARN_COMMA = YES;
				CLANG_WARN_CONSTANT_CONVERSION = YES;
				CLANG_WARN_DEPRECATED_OBJC_IMPLEMENTATIONS = YES;
				CLANG_WARN_DIRECT_OBJC_ISA_USAGE = YES_ERROR;
				CLANG_WARN_DOCUMENTATION_COMMENTS = YES;
				CLANG_WARN_EMPTY_BODY = YES;
				CLANG_WARN_ENUM_CONVERSION = YES;
				CLANG_WARN_INFINITE_RECURSION = YES;
				CLANG_WARN_INT_CONVERSION = YES;
				CLANG_WARN_NON_LITERAL_NULL_CONVERSION = YES;
				CLANG_WARN_OBJC_IMPLICIT_RETAIN_SELF = YES;
				CLANG_WARN_OBJC_LITERAL_CONVERSION = YES;
				CLANG_WARN_OBJC_ROOT_CLASS = YES_ERROR;
				CLANG_WARN_QUOTED_INCLUDE_IN_FRAMEWORK_HEADER = YES;
				CLANG_WARN_RANGE_LOOP_ANALYSIS = YES;
				CLANG_WARN_STRICT_PROTOTYPES = YES;
				CLANG_WARN_SUSPICIOUS_MOVE = YES;
				CLANG_WARN_UNGUARDED_AVAILABILITY = YES_AGGRESSIVE;
				CLANG_WARN_UNREACHABLE_CODE = YES;
				CLANG_WARN__DUPLICATE_METHOD_MATCH = YES;
				COPY_PHASE_STRIP = NO;
				DEBUG_INFORMATION_FORMAT = "dwarf-with-dsym";
				ENABLE_NS_ASSERTIONS = NO;
				ENABLE_STRICT_OBJC_MSGSEND = YES;
				ENABLE_USER_SCRIPT_SANDBOXING = YES;
				GCC_C_LANGUAGE_STANDARD = gnu17;
				GCC_NO_COMMON_BLOCKS = YES;
				GCC_WARN_64_TO_32_BIT_CONVERSION = YES;
				GCC_WARN_ABOUT_RETURN_TYPE = YES_ERROR;
				GCC_WARN_UNDECLARED_SELECTOR = YES;
				GCC_WARN_UNINITIALIZED_AUTOS = YES_AGGRESSIVE;
				GCC_WARN_UNUSED_FUNCTION = YES;
				GCC_WARN_UNUSED_VARIABLE = YES;
				IPHONEOS_DEPLOYMENT_TARGET = 17.2;
				LOCALIZATION_PREFERS_STRING_CATALOGS = YES;
				MTL_ENABLE_DEBUG_INFO = NO;
				MTL_FAST_MATH = YES;
				SDKROOT = iphoneos;
				SWIFT_COMPILATION_MODE = wholemodule;
				VALIDATE_PRODUCT = YES;
			};
			name = Release;
		};
		D7F8CDC32B635FC900E3EDC1 /* Debug */ = {
			isa = XCBuildConfiguration;
			buildSettings = {
				ASSETCATALOG_COMPILER_APPICON_NAME = AppIcon;
				ASSETCATALOG_COMPILER_GLOBAL_ACCENT_COLOR_NAME = AccentColor;
				CODE_SIGN_STYLE = Automatic;
				CURRENT_PROJECT_VERSION = 1;
				DEVELOPMENT_TEAM = 25U3T3T2T8;
				GENERATE_INFOPLIST_FILE = YES;
				INFOPLIST_FILE = WeatherMaster/Info.plist;
				INFOPLIST_KEY_NSLocationWhenInUseUsageDescription = "To obtain the current weather for your location, we require access to your location information.\n\n\n\n\n\n\nwe require access to your location information.\n\n\n\n\n\n\n";
				INFOPLIST_KEY_UIApplicationSupportsIndirectInputEvents = YES;
				INFOPLIST_KEY_UILaunchStoryboardName = LaunchScreen;
				INFOPLIST_KEY_UIMainStoryboardFile = Main;
				INFOPLIST_KEY_UISupportedInterfaceOrientations = "UIInterfaceOrientationLandscapeLeft UIInterfaceOrientationLandscapeRight UIInterfaceOrientationPortrait";
				INFOPLIST_KEY_UISupportedInterfaceOrientations_iPad = "UIInterfaceOrientationLandscapeLeft UIInterfaceOrientationLandscapeRight UIInterfaceOrientationPortrait UIInterfaceOrientationPortraitUpsideDown";
				IPHONEOS_DEPLOYMENT_TARGET = 15.0;
				LD_RUNPATH_SEARCH_PATHS = (
					"$(inherited)",
					"@executable_path/Frameworks",
				);
				MARKETING_VERSION = 1.0;
				PRODUCT_BUNDLE_IDENTIFIER = com.divyanithota.WeatherMaster;
				PRODUCT_NAME = "$(TARGET_NAME)";
				SWIFT_EMIT_LOC_STRINGS = YES;
				SWIFT_VERSION = 5.0;
				TARGETED_DEVICE_FAMILY = "1,2";
			};
			name = Debug;
		};
		D7F8CDC42B635FC900E3EDC1 /* Release */ = {
			isa = XCBuildConfiguration;
			buildSettings = {
				ASSETCATALOG_COMPILER_APPICON_NAME = AppIcon;
				ASSETCATALOG_COMPILER_GLOBAL_ACCENT_COLOR_NAME = AccentColor;
				CODE_SIGN_STYLE = Automatic;
				CURRENT_PROJECT_VERSION = 1;
				DEVELOPMENT_TEAM = 25U3T3T2T8;
				GENERATE_INFOPLIST_FILE = YES;
				INFOPLIST_FILE = WeatherMaster/Info.plist;
				INFOPLIST_KEY_NSLocationWhenInUseUsageDescription = "To obtain the current weather for your location, we require access to your location information.\n\n\n\n\n\n\nwe require access to your location information.\n\n\n\n\n\n\n";
				INFOPLIST_KEY_UIApplicationSupportsIndirectInputEvents = YES;
				INFOPLIST_KEY_UILaunchStoryboardName = LaunchScreen;
				INFOPLIST_KEY_UIMainStoryboardFile = Main;
				INFOPLIST_KEY_UISupportedInterfaceOrientations = "UIInterfaceOrientationLandscapeLeft UIInterfaceOrientationLandscapeRight UIInterfaceOrientationPortrait";
				INFOPLIST_KEY_UISupportedInterfaceOrientations_iPad = "UIInterfaceOrientationLandscapeLeft UIInterfaceOrientationLandscapeRight UIInterfaceOrientationPortrait UIInterfaceOrientationPortraitUpsideDown";
				IPHONEOS_DEPLOYMENT_TARGET = 15.0;
				LD_RUNPATH_SEARCH_PATHS = (
					"$(inherited)",
					"@executable_path/Frameworks",
				);
				MARKETING_VERSION = 1.0;
				PRODUCT_BUNDLE_IDENTIFIER = com.divyanithota.WeatherMaster;
				PRODUCT_NAME = "$(TARGET_NAME)";
				SWIFT_EMIT_LOC_STRINGS = YES;
				SWIFT_VERSION = 5.0;
				TARGETED_DEVICE_FAMILY = "1,2";
			};
			name = Release;
		};
/* End XCBuildConfiguration section */

/* Begin XCConfigurationList section */
		D7F8CDA92B635FC800E3EDC1 /* Build configuration list for PBXProject "WeatherMaster" */ = {
			isa = XCConfigurationList;
			buildConfigurations = (
				D7F8CDC02B635FC900E3EDC1 /* Debug */,
				D7F8CDC12B635FC900E3EDC1 /* Release */,
			);
			defaultConfigurationIsVisible = 0;
			defaultConfigurationName = Release;
		};
		D7F8CDC22B635FC900E3EDC1 /* Build configuration list for PBXNativeTarget "WeatherMaster" */ = {
			isa = XCConfigurationList;
			buildConfigurations = (
				D7F8CDC32B635FC900E3EDC1 /* Debug */,
				D7F8CDC42B635FC900E3EDC1 /* Release */,
			);
			defaultConfigurationIsVisible = 0;
			defaultConfigurationName = Release;
		};
/* End XCConfigurationList section */
	};
	rootObject = D7F8CDA62B635FC800E3EDC1 /* Project object */;
}
